
Microsoft Visual Studio Solution File, Format Version 12.00
# Visual Studio Version 17
VisualStudioVersion = 17.10.34928.147
MinimumVisualStudioVersion = 10.0.40219.1
Project("{FAE04EC0-301F-11D3-BF4B-00C04F79EFBC}") = "ECon.Web", "ECon.Web\ECon.Web.csproj", "{086767F4-E988-4450-9046-31120E36859F}"
EndProject
Project("{FAE04EC0-301F-11D3-BF4B-00C04F79EFBC}") = "ECon.Application", "ECon.Application\ECon.Application.csproj", "{0E102A4A-B37A-4835-9221-C50B821E4D69}"
EndProject
Global
	GlobalSection(SolutionConfigurationPlatforms) = preSolution
		Debug|Any CPU = Debug|Any CPU
		Release|Any CPU = Release|Any CPU
	EndGlobalSection
	GlobalSection(ProjectConfigurationPlatforms) = postSolution
		{086767F4-E988-4450-9046-31120E36859F}.Debug|Any CPU.ActiveCfg = Debug|Any CPU
		{086767F4-E988-4450-9046-31120E36859F}.Debug|Any CPU.Build.0 = Debug|Any CPU
		{086767F4-E988-4450-9046-31120E36859F}.Release|Any CPU.ActiveCfg = Release|Any CPU
		{086767F4-E988-4450-9046-31120E36859F}.Release|Any CPU.Build.0 = Release|Any CPU
		{0E102A4A-B37A-4835-9221-C50B821E4D69}.Debug|Any CPU.ActiveCfg = Debug|Any CPU
		{0E102A4A-B37A-4835-9221-C50B821E4D69}.Debug|Any CPU.Build.0 = Debug|Any CPU
		{0E102A4A-B37A-4835-9221-C50B821E4D69}.Release|Any CPU.ActiveCfg = Release|Any CPU
		{0E102A4A-B37A-4835-9221-C50B821E4D69}.Release|Any CPU.Build.0 = Release|Any CPU
	EndGlobalSection
	GlobalSection(SolutionProperties) = preSolution
		HideSolutionNode = FALSE
	EndGlobalSection
	GlobalSection(ExtensibilityGlobals) = postSolution
		SolutionGuid = {9DA72F20-7107-4E26-BAB3-B6B04570D063}
	EndGlobalSection
EndGlobal
